
Microsoft Visual Studio Solution File, Format Version 12.00
# Visual Studio Version 17
VisualStudioVersion = 17.8.34309.116
MinimumVisualStudioVersion = 10.0.40219.1
Project("{FAE04EC0-301F-11D3-BF4B-00C04F79EFBC}") = "TwitterApp", "TwitterApp\TwitterApp.csproj", "{EE311C6B-2E73-484A-B40A-014F162BC438}"
EndProject
Global
	GlobalSection(SolutionConfigurationPlatforms) = preSolution
		Debug|Any CPU = Debug|Any CPU
		Release|Any CPU = Release|Any CPU
	EndGlobalSection
	GlobalSection(ProjectConfigurationPlatforms) = postSolution
		{EE311C6B-2E73-484A-B40A-014F162BC438}.Debug|Any CPU.ActiveCfg = Debug|Any CPU
		{EE311C6B-2E73-484A-B40A-014F162BC438}.Debug|Any CPU.Build.0 = Debug|Any CPU
		{EE311C6B-2E73-484A-B40A-014F162BC438}.Release|Any CPU.ActiveCfg = Release|Any CPU
		{EE311C6B-2E73-484A-B40A-014F162BC438}.Release|Any CPU.Build.0 = Release|Any CPU
	EndGlobalSection
	GlobalSection(SolutionProperties) = preSolution
		HideSolutionNode = FALSE
	EndGlobalSection
	GlobalSection(ExtensibilityGlobals) = postSolution
		SolutionGuid = {BA227024-219D-4611-8D03-B4F54B032295}
	EndGlobalSection
EndGlobal
